// !$*UTF8*$!
{
	archiveVersion = 1;
	classes = {
	};
	objectVersion = 56;
	objects = {

/* Begin PBXBuildFile section */
		36308229295B945700FEDB9E /* AppDelegate.swift in Sources */ = {isa = PBXBuildFile; fileRef = 36308228295B945700FEDB9E /* AppDelegate.swift */; };
		3630822B295B945700FEDB9E /* SceneDelegate.swift in Sources */ = {isa = PBXBuildFile; fileRef = 3630822A295B945700FEDB9E /* SceneDelegate.swift */; };
		3630822D295B945700FEDB9E /* ViewController.swift in Sources */ = {isa = PBXBuildFile; fileRef = 3630822C295B945700FEDB9E /* ViewController.swift */; };
		36308233295B945700FEDB9E /* DoranDoran.xcdatamodeld in Sources */ = {isa = PBXBuildFile; fileRef = 36308231295B945700FEDB9E /* DoranDoran.xcdatamodeld */; };
		36308235295B945A00FEDB9E /* Assets.xcassets in Resources */ = {isa = PBXBuildFile; fileRef = 36308234295B945A00FEDB9E /* Assets.xcassets */; };
		36308238295B945A00FEDB9E /* LaunchScreen.storyboard in Resources */ = {isa = PBXBuildFile; fileRef = 36308236295B945A00FEDB9E /* LaunchScreen.storyboard */; };
		36308241295B958300FEDB9E /* MainTabBarController.swift in Sources */ = {isa = PBXBuildFile; fileRef = 36308240295B958300FEDB9E /* MainTabBarController.swift */; };
		36308246295B9A6200FEDB9E /* FavoriteTableViewController.swift in Sources */ = {isa = PBXBuildFile; fileRef = 36308245295B9A6200FEDB9E /* FavoriteTableViewController.swift */; };
		36308248295B9AB600FEDB9E /* SpeechViewController.swift in Sources */ = {isa = PBXBuildFile; fileRef = 36308247295B9AB600FEDB9E /* SpeechViewController.swift */; };
		3630824A295B9B1300FEDB9E /* SettingTableViewController.swift in Sources */ = {isa = PBXBuildFile; fileRef = 36308249295B9B1300FEDB9E /* SettingTableViewController.swift */; };
		36B516EA29677A26007D3238 /* SpeechView.swift in Sources */ = {isa = PBXBuildFile; fileRef = 36B516E929677A26007D3238 /* SpeechView.swift */; };
/* End PBXBuildFile section */

/* Begin PBXFileReference section */
		36308225295B945700FEDB9E /* DoranDoran.app */ = {isa = PBXFileReference; explicitFileType = wrapper.application; includeInIndex = 0; path = DoranDoran.app; sourceTree = BUILT_PRODUCTS_DIR; };
		36308228295B945700FEDB9E /* AppDelegate.swift */ = {isa = PBXFileReference; lastKnownFileType = sourcecode.swift; path = AppDelegate.swift; sourceTree = "<group>"; };
		3630822A295B945700FEDB9E /* SceneDelegate.swift */ = {isa = PBXFileReference; lastKnownFileType = sourcecode.swift; path = SceneDelegate.swift; sourceTree = "<group>"; };
		3630822C295B945700FEDB9E /* ViewController.swift */ = {isa = PBXFileReference; lastKnownFileType = sourcecode.swift; path = ViewController.swift; sourceTree = "<group>"; };
		36308232295B945700FEDB9E /* DoranDoran.xcdatamodel */ = {isa = PBXFileReference; lastKnownFileType = wrapper.xcdatamodel; path = DoranDoran.xcdatamodel; sourceTree = "<group>"; };
		36308234295B945A00FEDB9E /* Assets.xcassets */ = {isa = PBXFileReference; lastKnownFileType = folder.assetcatalog; path = Assets.xcassets; sourceTree = "<group>"; };
		36308237295B945A00FEDB9E /* Base */ = {isa = PBXFileReference; lastKnownFileType = file.storyboard; name = Base; path = Base.lproj/LaunchScreen.storyboard; sourceTree = "<group>"; };
		36308239295B945A00FEDB9E /* Info.plist */ = {isa = PBXFileReference; lastKnownFileType = text.plist.xml; path = Info.plist; sourceTree = "<group>"; };
		36308240295B958300FEDB9E /* MainTabBarController.swift */ = {isa = PBXFileReference; lastKnownFileType = sourcecode.swift; path = MainTabBarController.swift; sourceTree = "<group>"; };
		36308245295B9A6200FEDB9E /* FavoriteTableViewController.swift */ = {isa = PBXFileReference; lastKnownFileType = sourcecode.swift; path = FavoriteTableViewController.swift; sourceTree = "<group>"; };
		36308247295B9AB600FEDB9E /* SpeechViewController.swift */ = {isa = PBXFileReference; lastKnownFileType = sourcecode.swift; path = SpeechViewController.swift; sourceTree = "<group>"; };
		36308249295B9B1300FEDB9E /* SettingTableViewController.swift */ = {isa = PBXFileReference; lastKnownFileType = sourcecode.swift; path = SettingTableViewController.swift; sourceTree = "<group>"; };
		36B516E929677A26007D3238 /* SpeechView.swift */ = {isa = PBXFileReference; lastKnownFileType = sourcecode.swift; path = SpeechView.swift; sourceTree = "<group>"; };
/* End PBXFileReference section */

/* Begin PBXFrameworksBuildPhase section */
		36308222295B945700FEDB9E /* Frameworks */ = {
			isa = PBXFrameworksBuildPhase;
			buildActionMask = 2147483647;
			files = (
			);
			runOnlyForDeploymentPostprocessing = 0;
		};
/* End PBXFrameworksBuildPhase section */

/* Begin PBXGroup section */
		3630821C295B945700FEDB9E = {
			isa = PBXGroup;
			children = (
				36308227295B945700FEDB9E /* DoranDoran */,
				36308226295B945700FEDB9E /* Products */,
			);
			sourceTree = "<group>";
		};
		36308226295B945700FEDB9E /* Products */ = {
			isa = PBXGroup;
			children = (
				36308225295B945700FEDB9E /* DoranDoran.app */,
			);
			name = Products;
			sourceTree = "<group>";
		};
		36308227295B945700FEDB9E /* DoranDoran */ = {
			isa = PBXGroup;
			children = (
				3630823F295B957300FEDB9E /* Source */,
				36308228295B945700FEDB9E /* AppDelegate.swift */,
				3630822A295B945700FEDB9E /* SceneDelegate.swift */,
				3630822C295B945700FEDB9E /* ViewController.swift */,
				36308234295B945A00FEDB9E /* Assets.xcassets */,
				36308236295B945A00FEDB9E /* LaunchScreen.storyboard */,
				36308239295B945A00FEDB9E /* Info.plist */,
				36308231295B945700FEDB9E /* DoranDoran.xcdatamodeld */,
			);
			path = DoranDoran;
			sourceTree = "<group>";
		};
		3630823F295B957300FEDB9E /* Source */ = {
			isa = PBXGroup;
			children = (
				36308240295B958300FEDB9E /* MainTabBarController.swift */,
				36308242295B996400FEDB9E /* Favorites */,
				36308243295B999A00FEDB9E /* Speech */,
				36308244295B99EA00FEDB9E /* Settings */,
			);
			path = Source;
			sourceTree = "<group>";
		};
		36308242295B996400FEDB9E /* Favorites */ = {
			isa = PBXGroup;
			children = (
				36308245295B9A6200FEDB9E /* FavoriteTableViewController.swift */,
			);
			path = Favorites;
			sourceTree = "<group>";
		};
		36308243295B999A00FEDB9E /* Speech */ = {
			isa = PBXGroup;
			children = (
				36B516E929677A26007D3238 /* SpeechView.swift */,
				36308247295B9AB600FEDB9E /* SpeechViewController.swift */,
			);
			path = Speech;
			sourceTree = "<group>";
		};
		36308244295B99EA00FEDB9E /* Settings */ = {
			isa = PBXGroup;
			children = (
				36308249295B9B1300FEDB9E /* SettingTableViewController.swift */,
			);
			path = Settings;
			sourceTree = "<group>";
		};
/* End PBXGroup section */

/* Begin PBXNativeTarget section */
		36308224295B945700FEDB9E /* DoranDoran */ = {
			isa = PBXNativeTarget;
			buildConfigurationList = 3630823C295B945A00FEDB9E /* Build configuration list for PBXNativeTarget "DoranDoran" */;
			buildPhases = (
				36308221295B945700FEDB9E /* Sources */,
				36308222295B945700FEDB9E /* Frameworks */,
				36308223295B945700FEDB9E /* Resources */,
			);
			buildRules = (
			);
			dependencies = (
			);
			name = DoranDoran;
			productName = DoranDoran;
			productReference = 36308225295B945700FEDB9E /* DoranDoran.app */;
			productType = "com.apple.product-type.application";
		};
/* End PBXNativeTarget section */

/* Begin PBXProject section */
		3630821D295B945700FEDB9E /* Project object */ = {
			isa = PBXProject;
			attributes = {
				BuildIndependentTargetsInParallel = 1;
				LastSwiftUpdateCheck = 1400;
				LastUpgradeCheck = 1400;
				TargetAttributes = {
					36308224295B945700FEDB9E = {
						CreatedOnToolsVersion = 14.0.1;
					};
				};
			};
			buildConfigurationList = 36308220295B945700FEDB9E /* Build configuration list for PBXProject "DoranDoran" */;
			compatibilityVersion = "Xcode 14.0";
			developmentRegion = en;
			hasScannedForEncodings = 0;
			knownRegions = (
				en,
				Base,
			);
			mainGroup = 3630821C295B945700FEDB9E;
			productRefGroup = 36308226295B945700FEDB9E /* Products */;
			projectDirPath = "";
			projectRoot = "";
			targets = (
				36308224295B945700FEDB9E /* DoranDoran */,
			);
		};
/* End PBXProject section */

/* Begin PBXResourcesBuildPhase section */
		36308223295B945700FEDB9E /* Resources */ = {
			isa = PBXResourcesBuildPhase;
			buildActionMask = 2147483647;
			files = (
				36308238295B945A00FEDB9E /* LaunchScreen.storyboard in Resources */,
				36308235295B945A00FEDB9E /* Assets.xcassets in Resources */,
			);
			runOnlyForDeploymentPostprocessing = 0;
		};
/* End PBXResourcesBuildPhase section */

/* Begin PBXSourcesBuildPhase section */
		36308221295B945700FEDB9E /* Sources */ = {
			isa = PBXSourcesBuildPhase;
			buildActionMask = 2147483647;
			files = (
				3630824A295B9B1300FEDB9E /* SettingTableViewController.swift in Sources */,
				3630822D295B945700FEDB9E /* ViewController.swift in Sources */,
				36308229295B945700FEDB9E /* AppDelegate.swift in Sources */,
				36308248295B9AB600FEDB9E /* SpeechViewController.swift in Sources */,
				36308241295B958300FEDB9E /* MainTabBarController.swift in Sources */,
				3630822B295B945700FEDB9E /* SceneDelegate.swift in Sources */,
				36308233295B945700FEDB9E /* DoranDoran.xcdatamodeld in Sources */,
				36B516EA29677A26007D3238 /* SpeechView.swift in Sources */,
				36308246295B9A6200FEDB9E /* FavoriteTableViewController.swift in Sources */,
			);
			runOnlyForDeploymentPostprocessing = 0;
		};
/* End PBXSourcesBuildPhase section */

/* Begin PBXVariantGroup section */
		36308236295B945A00FEDB9E /* LaunchScreen.storyboard */ = {
			isa = PBXVariantGroup;
			children = (
				36308237295B945A00FEDB9E /* Base */,
			);
			name = LaunchScreen.storyboard;
			sourceTree = "<group>";
		};
/* End PBXVariantGroup section */

/* Begin XCBuildConfiguration section */
		3630823A295B945A00FEDB9E /* Debug */ = {
			isa = XCBuildConfiguration;
			buildSettings = {
				ALWAYS_SEARCH_USER_PATHS = NO;
				CLANG_ANALYZER_NONNULL = YES;
				CLANG_ANALYZER_NUMBER_OBJECT_CONVERSION = YES_AGGRESSIVE;
				CLANG_CXX_LANGUAGE_STANDARD = "gnu++20";
				CLANG_ENABLE_MODULES = YES;
				CLANG_ENABLE_OBJC_ARC = YES;
				CLANG_ENABLE_OBJC_WEAK = YES;
				CLANG_WARN_BLOCK_CAPTURE_AUTORELEASING = YES;
				CLANG_WARN_BOOL_CONVERSION = YES;
				CLANG_WARN_COMMA = YES;
				CLANG_WARN_CONSTANT_CONVERSION = YES;
				CLANG_WARN_DEPRECATED_OBJC_IMPLEMENTATIONS = YES;
				CLANG_WARN_DIRECT_OBJC_ISA_USAGE = YES_ERROR;
				CLANG_WARN_DOCUMENTATION_COMMENTS = YES;
				CLANG_WARN_EMPTY_BODY = YES;
				CLANG_WARN_ENUM_CONVERSION = YES;
				CLANG_WARN_INFINITE_RECURSION = YES;
				CLANG_WARN_INT_CONVERSION = YES;
				CLANG_WARN_NON_LITERAL_NULL_CONVERSION = YES;
				CLANG_WARN_OBJC_IMPLICIT_RETAIN_SELF = YES;
				CLANG_WARN_OBJC_LITERAL_CONVERSION = YES;
				CLANG_WARN_OBJC_ROOT_CLASS = YES_ERROR;
				CLANG_WARN_QUOTED_INCLUDE_IN_FRAMEWORK_HEADER = YES;
				CLANG_WARN_RANGE_LOOP_ANALYSIS = YES;
				CLANG_WARN_STRICT_PROTOTYPES = YES;
				CLANG_WARN_SUSPICIOUS_MOVE = YES;
				CLANG_WARN_UNGUARDED_AVAILABILITY = YES_AGGRESSIVE;
				CLANG_WARN_UNREACHABLE_CODE = YES;
				CLANG_WARN__DUPLICATE_METHOD_MATCH = YES;
				COPY_PHASE_STRIP = NO;
				DEBUG_INFORMATION_FORMAT = dwarf;
				ENABLE_STRICT_OBJC_MSGSEND = YES;
				ENABLE_TESTABILITY = YES;
				GCC_C_LANGUAGE_STANDARD = gnu11;
				GCC_DYNAMIC_NO_PIC = NO;
				GCC_NO_COMMON_BLOCKS = YES;
				GCC_OPTIMIZATION_LEVEL = 0;
				GCC_PREPROCESSOR_DEFINITIONS = (
					"DEBUG=1",
					"$(inherited)",
				);
				GCC_WARN_64_TO_32_BIT_CONVERSION = YES;
				GCC_WARN_ABOUT_RETURN_TYPE = YES_ERROR;
				GCC_WARN_UNDECLARED_SELECTOR = YES;
				GCC_WARN_UNINITIALIZED_AUTOS = YES_AGGRESSIVE;
				GCC_WARN_UNUSED_FUNCTION = YES;
				GCC_WARN_UNUSED_VARIABLE = YES;
				IPHONEOS_DEPLOYMENT_TARGET = 16.0;
				MTL_ENABLE_DEBUG_INFO = INCLUDE_SOURCE;
				MTL_FAST_MATH = YES;
				ONLY_ACTIVE_ARCH = YES;
				SDKROOT = iphoneos;
				SWIFT_ACTIVE_COMPILATION_CONDITIONS = DEBUG;
				SWIFT_OPTIMIZATION_LEVEL = "-Onone";
			};
			name = Debug;
		};
		3630823B295B945A00FEDB9E /* Release */ = {
			isa = XCBuildConfiguration;
			buildSettings = {
				ALWAYS_SEARCH_USER_PATHS = NO;
				CLANG_ANALYZER_NONNULL = YES;
				CLANG_ANALYZER_NUMBER_OBJECT_CONVERSION = YES_AGGRESSIVE;
				CLANG_CXX_LANGUAGE_STANDARD = "gnu++20";
				CLANG_ENABLE_MODULES = YES;
				CLANG_ENABLE_OBJC_ARC = YES;
				CLANG_ENABLE_OBJC_WEAK = YES;
				CLANG_WARN_BLOCK_CAPTURE_AUTORELEASING = YES;
				CLANG_WARN_BOOL_CONVERSION = YES;
				CLANG_WARN_COMMA = YES;
				CLANG_WARN_CONSTANT_CONVERSION = YES;
				CLANG_WARN_DEPRECATED_OBJC_IMPLEMENTATIONS = YES;
				CLANG_WARN_DIRECT_OBJC_ISA_USAGE = YES_ERROR;
				CLANG_WARN_DOCUMENTATION_COMMENTS = YES;
				CLANG_WARN_EMPTY_BODY = YES;
				CLANG_WARN_ENUM_CONVERSION = YES;
				CLANG_WARN_INFINITE_RECURSION = YES;
				CLANG_WARN_INT_CONVERSION = YES;
				CLANG_WARN_NON_LITERAL_NULL_CONVERSION = YES;
				CLANG_WARN_OBJC_IMPLICIT_RETAIN_SELF = YES;
				CLANG_WARN_OBJC_LITERAL_CONVERSION = YES;
				CLANG_WARN_OBJC_ROOT_CLASS = YES_ERROR;
				CLANG_WARN_QUOTED_INCLUDE_IN_FRAMEWORK_HEADER = YES;
				CLANG_WARN_RANGE_LOOP_ANALYSIS = YES;
				CLANG_WARN_STRICT_PROTOTYPES = YES;
				CLANG_WARN_SUSPICIOUS_MOVE = YES;
				CLANG_WARN_UNGUARDED_AVAILABILITY = YES_AGGRESSIVE;
				CLANG_WARN_UNREACHABLE_CODE = YES;
				CLANG_WARN__DUPLICATE_METHOD_MATCH = YES;
				COPY_PHASE_STRIP = NO;
				DEBUG_INFORMATION_FORMAT = "dwarf-with-dsym";
				ENABLE_NS_ASSERTIONS = NO;
				ENABLE_STRICT_OBJC_MSGSEND = YES;
				GCC_C_LANGUAGE_STANDARD = gnu11;
				GCC_NO_COMMON_BLOCKS = YES;
				GCC_WARN_64_TO_32_BIT_CONVERSION = YES;
				GCC_WARN_ABOUT_RETURN_TYPE = YES_ERROR;
				GCC_WARN_UNDECLARED_SELECTOR = YES;
				GCC_WARN_UNINITIALIZED_AUTOS = YES_AGGRESSIVE;
				GCC_WARN_UNUSED_FUNCTION = YES;
				GCC_WARN_UNUSED_VARIABLE = YES;
				IPHONEOS_DEPLOYMENT_TARGET = 16.0;
				MTL_ENABLE_DEBUG_INFO = NO;
				MTL_FAST_MATH = YES;
				SDKROOT = iphoneos;
				SWIFT_COMPILATION_MODE = wholemodule;
				SWIFT_OPTIMIZATION_LEVEL = "-O";
				VALIDATE_PRODUCT = YES;
			};
			name = Release;
		};
		3630823D295B945A00FEDB9E /* Debug */ = {
			isa = XCBuildConfiguration;
			buildSettings = {
				ASSETCATALOG_COMPILER_APPICON_NAME = AppIcon;
				ASSETCATALOG_COMPILER_GLOBAL_ACCENT_COLOR_NAME = AccentColor;
				CODE_SIGN_STYLE = Automatic;
				CURRENT_PROJECT_VERSION = 1;
				GENERATE_INFOPLIST_FILE = YES;
				INFOPLIST_FILE = DoranDoran/Info.plist;
				INFOPLIST_KEY_UIApplicationSupportsIndirectInputEvents = YES;
				INFOPLIST_KEY_UILaunchStoryboardName = LaunchScreen;
				INFOPLIST_KEY_UISupportedInterfaceOrientations = UIInterfaceOrientationPortrait;
				LD_RUNPATH_SEARCH_PATHS = (
					"$(inherited)",
					"@executable_path/Frameworks",
				);
				MARKETING_VERSION = 1.0;
				PRODUCT_BUNDLE_IDENTIFIER = com.hyou.DoranDoran;
				PRODUCT_NAME = "$(TARGET_NAME)";
				SUPPORTED_PLATFORMS = "iphoneos iphonesimulator";
				SUPPORTS_MACCATALYST = NO;
				SUPPORTS_MAC_DESIGNED_FOR_IPHONE_IPAD = NO;
				SWIFT_EMIT_LOC_STRINGS = YES;
				SWIFT_VERSION = 5.0;
				TARGETED_DEVICE_FAMILY = "1,2";
			};
			name = Debug;
		};
		3630823E295B945A00FEDB9E /* Release */ = {
			isa = XCBuildConfiguration;
			buildSettings = {
				ASSETCATALOG_COMPILER_APPICON_NAME = AppIcon;
				ASSETCATALOG_COMPILER_GLOBAL_ACCENT_COLOR_NAME = AccentColor;
				CODE_SIGN_STYLE = Automatic;
				CURRENT_PROJECT_VERSION = 1;
				GENERATE_INFOPLIST_FILE = YES;
				INFOPLIST_FILE = DoranDoran/Info.plist;
				INFOPLIST_KEY_UIApplicationSupportsIndirectInputEvents = YES;
				INFOPLIST_KEY_UILaunchStoryboardName = LaunchScreen;
				INFOPLIST_KEY_UISupportedInterfaceOrientations = UIInterfaceOrientationPortrait;
				LD_RUNPATH_SEARCH_PATHS = (
					"$(inherited)",
					"@executable_path/Frameworks",
				);
				MARKETING_VERSION = 1.0;
				PRODUCT_BUNDLE_IDENTIFIER = com.hyou.DoranDoran;
				PRODUCT_NAME = "$(TARGET_NAME)";
				SUPPORTED_PLATFORMS = "iphoneos iphonesimulator";
				SUPPORTS_MACCATALYST = NO;
				SUPPORTS_MAC_DESIGNED_FOR_IPHONE_IPAD = NO;
				SWIFT_EMIT_LOC_STRINGS = YES;
				SWIFT_VERSION = 5.0;
				TARGETED_DEVICE_FAMILY = "1,2";
			};
			name = Release;
		};
/* End XCBuildConfiguration section */

/* Begin XCConfigurationList section */
		36308220295B945700FEDB9E /* Build configuration list for PBXProject "DoranDoran" */ = {
			isa = XCConfigurationList;
			buildConfigurations = (
				3630823A295B945A00FEDB9E /* Debug */,
				3630823B295B945A00FEDB9E /* Release */,
			);
			defaultConfigurationIsVisible = 0;
			defaultConfigurationName = Release;
		};
		3630823C295B945A00FEDB9E /* Build configuration list for PBXNativeTarget "DoranDoran" */ = {
			isa = XCConfigurationList;
			buildConfigurations = (
				3630823D295B945A00FEDB9E /* Debug */,
				3630823E295B945A00FEDB9E /* Release */,
			);
			defaultConfigurationIsVisible = 0;
			defaultConfigurationName = Release;
		};
/* End XCConfigurationList section */

/* Begin XCVersionGroup section */
		36308231295B945700FEDB9E /* DoranDoran.xcdatamodeld */ = {
			isa = XCVersionGroup;
			children = (
				36308232295B945700FEDB9E /* DoranDoran.xcdatamodel */,
			);
			currentVersion = 36308232295B945700FEDB9E /* DoranDoran.xcdatamodel */;
			path = DoranDoran.xcdatamodeld;
			sourceTree = "<group>";
			versionGroupType = wrapper.xcdatamodel;
		};
/* End XCVersionGroup section */
	};
	rootObject = 3630821D295B945700FEDB9E /* Project object */;
}
